// !$*UTF8*$!
{
	archiveVersion = 1;
	classes = {
	};
	objectVersion = 56;
	objects = {

/* Begin PBXBuildFile section */
		D42471002B1E3D0F00FAD4BE /* FirebaseAnalytics in Frameworks */ = {isa = PBXBuildFile; productRef = D42470FF2B1E3D0F00FAD4BE /* FirebaseAnalytics */; };
		D42471022B1E3D0F00FAD4BE /* FirebaseAnalyticsOnDeviceConversion in Frameworks */ = {isa = PBXBuildFile; productRef = D42471012B1E3D0F00FAD4BE /* FirebaseAnalyticsOnDeviceConversion */; };
		D42471042B1E3D0F00FAD4BE /* FirebaseAnalyticsSwift in Frameworks */ = {isa = PBXBuildFile; productRef = D42471032B1E3D0F00FAD4BE /* FirebaseAnalyticsSwift */; };
		D42471062B1E3D0F00FAD4BE /* FirebaseAnalyticsWithoutAdIdSupport in Frameworks */ = {isa = PBXBuildFile; productRef = D42471052B1E3D0F00FAD4BE /* FirebaseAnalyticsWithoutAdIdSupport */; };
		D42471082B1E3D0F00FAD4BE /* FirebaseAppCheck in Frameworks */ = {isa = PBXBuildFile; productRef = D42471072B1E3D0F00FAD4BE /* FirebaseAppCheck */; };
		D424710A2B1E3D0F00FAD4BE /* FirebaseAppDistribution-Beta in Frameworks */ = {isa = PBXBuildFile; productRef = D42471092B1E3D0F00FAD4BE /* FirebaseAppDistribution-Beta */; };
		D424710C2B1E3D0F00FAD4BE /* FirebaseAuth in Frameworks */ = {isa = PBXBuildFile; productRef = D424710B2B1E3D0F00FAD4BE /* FirebaseAuth */; };
		D424710E2B1E3D0F00FAD4BE /* FirebaseAuthCombine-Community in Frameworks */ = {isa = PBXBuildFile; productRef = D424710D2B1E3D0F00FAD4BE /* FirebaseAuthCombine-Community */; };
		D42471102B1E3D0F00FAD4BE /* FirebaseCrashlytics in Frameworks */ = {isa = PBXBuildFile; productRef = D424710F2B1E3D0F00FAD4BE /* FirebaseCrashlytics */; };
		D42471122B1E3D0F00FAD4BE /* FirebaseDatabase in Frameworks */ = {isa = PBXBuildFile; productRef = D42471112B1E3D0F00FAD4BE /* FirebaseDatabase */; };
		D42471142B1E3D0F00FAD4BE /* FirebaseDatabaseSwift in Frameworks */ = {isa = PBXBuildFile; productRef = D42471132B1E3D0F00FAD4BE /* FirebaseDatabaseSwift */; };
		D42471162B1E3D0F00FAD4BE /* FirebaseDynamicLinks in Frameworks */ = {isa = PBXBuildFile; productRef = D42471152B1E3D0F00FAD4BE /* FirebaseDynamicLinks */; };
		D42471182B1E3D0F00FAD4BE /* FirebaseFirestore in Frameworks */ = {isa = PBXBuildFile; productRef = D42471172B1E3D0F00FAD4BE /* FirebaseFirestore */; };
		D424711A2B1E3D0F00FAD4BE /* FirebaseFirestoreCombine-Community in Frameworks */ = {isa = PBXBuildFile; productRef = D42471192B1E3D0F00FAD4BE /* FirebaseFirestoreCombine-Community */; };
		D424711C2B1E3D0F00FAD4BE /* FirebaseFirestoreSwift in Frameworks */ = {isa = PBXBuildFile; productRef = D424711B2B1E3D0F00FAD4BE /* FirebaseFirestoreSwift */; };
		D424711E2B1E3D0F00FAD4BE /* FirebaseFunctions in Frameworks */ = {isa = PBXBuildFile; productRef = D424711D2B1E3D0F00FAD4BE /* FirebaseFunctions */; };
		D42471202B1E3D0F00FAD4BE /* FirebaseFunctionsCombine-Community in Frameworks */ = {isa = PBXBuildFile; productRef = D424711F2B1E3D0F00FAD4BE /* FirebaseFunctionsCombine-Community */; };
		D42471222B1E3D0F00FAD4BE /* FirebaseInAppMessaging-Beta in Frameworks */ = {isa = PBXBuildFile; productRef = D42471212B1E3D0F00FAD4BE /* FirebaseInAppMessaging-Beta */; };
		D42471242B1E3D0F00FAD4BE /* FirebaseInAppMessagingSwift-Beta in Frameworks */ = {isa = PBXBuildFile; productRef = D42471232B1E3D0F00FAD4BE /* FirebaseInAppMessagingSwift-Beta */; };
		D42471262B1E3D0F00FAD4BE /* FirebaseInstallations in Frameworks */ = {isa = PBXBuildFile; productRef = D42471252B1E3D0F00FAD4BE /* FirebaseInstallations */; };
		D42471282B1E3D0F00FAD4BE /* FirebaseMLModelDownloader in Frameworks */ = {isa = PBXBuildFile; productRef = D42471272B1E3D0F00FAD4BE /* FirebaseMLModelDownloader */; };
		D424712A2B1E3D0F00FAD4BE /* FirebaseMessaging in Frameworks */ = {isa = PBXBuildFile; productRef = D42471292B1E3D0F00FAD4BE /* FirebaseMessaging */; };
		D424712C2B1E3D0F00FAD4BE /* FirebasePerformance in Frameworks */ = {isa = PBXBuildFile; productRef = D424712B2B1E3D0F00FAD4BE /* FirebasePerformance */; };
		D424712E2B1E3D0F00FAD4BE /* FirebaseRemoteConfig in Frameworks */ = {isa = PBXBuildFile; productRef = D424712D2B1E3D0F00FAD4BE /* FirebaseRemoteConfig */; };
		D42471302B1E3D0F00FAD4BE /* FirebaseRemoteConfigSwift in Frameworks */ = {isa = PBXBuildFile; productRef = D424712F2B1E3D0F00FAD4BE /* FirebaseRemoteConfigSwift */; };
		D42471322B1E3D0F00FAD4BE /* FirebaseStorage in Frameworks */ = {isa = PBXBuildFile; productRef = D42471312B1E3D0F00FAD4BE /* FirebaseStorage */; };
		D42471342B1E3D0F00FAD4BE /* FirebaseStorageCombine-Community in Frameworks */ = {isa = PBXBuildFile; productRef = D42471332B1E3D0F00FAD4BE /* FirebaseStorageCombine-Community */; };
		D443002D2B1E612700D72A51 /* GoogleService-Info.plist in Resources */ = {isa = PBXBuildFile; fileRef = D443002C2B1E612700D72A51 /* GoogleService-Info.plist */; };
		D49EAB442B1EF65C0059FDBE /* LandingPage.swift in Sources */ = {isa = PBXBuildFile; fileRef = D49EAB432B1EF65C0059FDBE /* LandingPage.swift */; };
		D49EAB862B1FBAE90059FDBE /* HedvigLettersSerif-Regular-VariableFont_opsz.ttf in Resources */ = {isa = PBXBuildFile; fileRef = D49EAB852B1FBAE90059FDBE /* HedvigLettersSerif-Regular-VariableFont_opsz.ttf */; };
		D49EAB882B1FBB150059FDBE /* LoginView.swift in Sources */ = {isa = PBXBuildFile; fileRef = D49EAB872B1FBB150059FDBE /* LoginView.swift */; };
		D49EAB8A2B1FBB420059FDBE /* SignUpView.swift in Sources */ = {isa = PBXBuildFile; fileRef = D49EAB892B1FBB420059FDBE /* SignUpView.swift */; };
		D49EAB8C2B1FBB750059FDBE /* HomeView.swift in Sources */ = {isa = PBXBuildFile; fileRef = D49EAB8B2B1FBB750059FDBE /* HomeView.swift */; };
		D49EAB8E2B1FBB840059FDBE /* LogoutView.swift in Sources */ = {isa = PBXBuildFile; fileRef = D49EAB8D2B1FBB840059FDBE /* LogoutView.swift */; };
		D49EAB902B1FBB9E0059FDBE /* GardenView.swift in Sources */ = {isa = PBXBuildFile; fileRef = D49EAB8F2B1FBB9E0059FDBE /* GardenView.swift */; };
		D49EAB922B1FBC0C0059FDBE /* EditProfileView.swift in Sources */ = {isa = PBXBuildFile; fileRef = D49EAB912B1FBC0C0059FDBE /* EditProfileView.swift */; };
		D49EAB942B1FBC210059FDBE /* EditGoalView.swift in Sources */ = {isa = PBXBuildFile; fileRef = D49EAB932B1FBC210059FDBE /* EditGoalView.swift */; };
		D49EAB962B1FBC400059FDBE /* ProgressBar.swift in Sources */ = {isa = PBXBuildFile; fileRef = D49EAB952B1FBC400059FDBE /* ProgressBar.swift */; };
		D49EAB982B1FBC510059FDBE /* MoodCalendarView.swift in Sources */ = {isa = PBXBuildFile; fileRef = D49EAB972B1FBC510059FDBE /* MoodCalendarView.swift */; };
		D49EF1D92B1E3E300006F154 /* MoodCalendar.swift in Sources */ = {isa = PBXBuildFile; fileRef = D49EF1D82B1E3E300006F154 /* MoodCalendar.swift */; };
		D49EF1DB2B1E3E580006F154 /* Goal.swift in Sources */ = {isa = PBXBuildFile; fileRef = D49EF1DA2B1E3E580006F154 /* Goal.swift */; };
		D49EF1E02B1E3ECC0006F154 /* MoodCalendarViewModel.swift in Sources */ = {isa = PBXBuildFile; fileRef = D49EF1DD2B1E3ECC0006F154 /* MoodCalendarViewModel.swift */; };
		D49EF1E12B1E3ECC0006F154 /* PlantViewModel.swift in Sources */ = {isa = PBXBuildFile; fileRef = D49EF1DE2B1E3ECC0006F154 /* PlantViewModel.swift */; };
		D49EF1E32B1E3F290006F154 /* UserViewModel.swift in Sources */ = {isa = PBXBuildFile; fileRef = D49EF1E22B1E3F290006F154 /* UserViewModel.swift */; };
		D49EF1E52B1E58960006F154 /* CodableCoord.swift in Sources */ = {isa = PBXBuildFile; fileRef = D49EF1E42B1E58960006F154 /* CodableCoord.swift */; };
		D4CD0C082B1C1E0700929452 /* PlanterApp.swift in Sources */ = {isa = PBXBuildFile; fileRef = D4CD0C072B1C1E0700929452 /* PlanterApp.swift */; };
		D4CD0C0A2B1C1E0700929452 /* ContentView.swift in Sources */ = {isa = PBXBuildFile; fileRef = D4CD0C092B1C1E0700929452 /* ContentView.swift */; };
		D4CD0C0C2B1C1E0800929452 /* Assets.xcassets in Resources */ = {isa = PBXBuildFile; fileRef = D4CD0C0B2B1C1E0800929452 /* Assets.xcassets */; };
		D4CD0C0F2B1C1E0800929452 /* Preview Assets.xcassets in Resources */ = {isa = PBXBuildFile; fileRef = D4CD0C0E2B1C1E0800929452 /* Preview Assets.xcassets */; };
		D4CD0C192B1C208100929452 /* User.swift in Sources */ = {isa = PBXBuildFile; fileRef = D4CD0C182B1C208100929452 /* User.swift */; };
		D4CD0C1B2B1C211400929452 /* Plant.swift in Sources */ = {isa = PBXBuildFile; fileRef = D4CD0C1A2B1C211400929452 /* Plant.swift */; };
/* End PBXBuildFile section */

/* Begin PBXFileReference section */
		D443002C2B1E612700D72A51 /* GoogleService-Info.plist */ = {isa = PBXFileReference; fileEncoding = 4; lastKnownFileType = text.plist.xml; name = "GoogleService-Info.plist"; path = "../../../../Downloads/GoogleService-Info.plist"; sourceTree = "<group>"; };
		D49EAB432B1EF65C0059FDBE /* LandingPage.swift */ = {isa = PBXFileReference; lastKnownFileType = sourcecode.swift; path = LandingPage.swift; sourceTree = "<group>"; };
		D49EAB852B1FBAE90059FDBE /* HedvigLettersSerif-Regular-VariableFont_opsz.ttf */ = {isa = PBXFileReference; lastKnownFileType = file; path = "HedvigLettersSerif-Regular-VariableFont_opsz.ttf"; sourceTree = "<group>"; };
		D49EAB872B1FBB150059FDBE /* LoginView.swift */ = {isa = PBXFileReference; lastKnownFileType = sourcecode.swift; path = LoginView.swift; sourceTree = "<group>"; };
		D49EAB892B1FBB420059FDBE /* SignUpView.swift */ = {isa = PBXFileReference; lastKnownFileType = sourcecode.swift; path = SignUpView.swift; sourceTree = "<group>"; };
		D49EAB8B2B1FBB750059FDBE /* HomeView.swift */ = {isa = PBXFileReference; lastKnownFileType = sourcecode.swift; path = HomeView.swift; sourceTree = "<group>"; };
		D49EAB8D2B1FBB840059FDBE /* LogoutView.swift */ = {isa = PBXFileReference; lastKnownFileType = sourcecode.swift; path = LogoutView.swift; sourceTree = "<group>"; };
		D49EAB8F2B1FBB9E0059FDBE /* GardenView.swift */ = {isa = PBXFileReference; lastKnownFileType = sourcecode.swift; path = GardenView.swift; sourceTree = "<group>"; };
		D49EAB912B1FBC0C0059FDBE /* EditProfileView.swift */ = {isa = PBXFileReference; lastKnownFileType = sourcecode.swift; path = EditProfileView.swift; sourceTree = "<group>"; };
		D49EAB932B1FBC210059FDBE /* EditGoalView.swift */ = {isa = PBXFileReference; lastKnownFileType = sourcecode.swift; path = EditGoalView.swift; sourceTree = "<group>"; };
		D49EAB952B1FBC400059FDBE /* ProgressBar.swift */ = {isa = PBXFileReference; lastKnownFileType = sourcecode.swift; path = ProgressBar.swift; sourceTree = "<group>"; };
		D49EAB972B1FBC510059FDBE /* MoodCalendarView.swift */ = {isa = PBXFileReference; lastKnownFileType = sourcecode.swift; path = MoodCalendarView.swift; sourceTree = "<group>"; };
		D49EAB992B1FBDA40059FDBE /* Info.plist */ = {isa = PBXFileReference; lastKnownFileType = text.plist; path = Info.plist; sourceTree = "<group>"; };
		D49EF1D82B1E3E300006F154 /* MoodCalendar.swift */ = {isa = PBXFileReference; lastKnownFileType = sourcecode.swift; path = MoodCalendar.swift; sourceTree = "<group>"; };
		D49EF1DA2B1E3E580006F154 /* Goal.swift */ = {isa = PBXFileReference; lastKnownFileType = sourcecode.swift; path = Goal.swift; sourceTree = "<group>"; };
		D49EF1DD2B1E3ECC0006F154 /* MoodCalendarViewModel.swift */ = {isa = PBXFileReference; fileEncoding = 4; lastKnownFileType = sourcecode.swift; path = MoodCalendarViewModel.swift; sourceTree = "<group>"; };
		D49EF1DE2B1E3ECC0006F154 /* PlantViewModel.swift */ = {isa = PBXFileReference; fileEncoding = 4; lastKnownFileType = sourcecode.swift; path = PlantViewModel.swift; sourceTree = "<group>"; };
		D49EF1E22B1E3F290006F154 /* UserViewModel.swift */ = {isa = PBXFileReference; fileEncoding = 4; lastKnownFileType = sourcecode.swift; path = UserViewModel.swift; sourceTree = "<group>"; };
		D49EF1E42B1E58960006F154 /* CodableCoord.swift */ = {isa = PBXFileReference; lastKnownFileType = sourcecode.swift; path = CodableCoord.swift; sourceTree = "<group>"; };
		D4CD0C042B1C1E0700929452 /* Planter.app */ = {isa = PBXFileReference; explicitFileType = wrapper.application; includeInIndex = 0; path = Planter.app; sourceTree = BUILT_PRODUCTS_DIR; };
		D4CD0C072B1C1E0700929452 /* PlanterApp.swift */ = {isa = PBXFileReference; lastKnownFileType = sourcecode.swift; path = PlanterApp.swift; sourceTree = "<group>"; };
		D4CD0C092B1C1E0700929452 /* ContentView.swift */ = {isa = PBXFileReference; lastKnownFileType = sourcecode.swift; path = ContentView.swift; sourceTree = "<group>"; };
		D4CD0C0B2B1C1E0800929452 /* Assets.xcassets */ = {isa = PBXFileReference; lastKnownFileType = folder.assetcatalog; path = Assets.xcassets; sourceTree = "<group>"; };
		D4CD0C0E2B1C1E0800929452 /* Preview Assets.xcassets */ = {isa = PBXFileReference; lastKnownFileType = folder.assetcatalog; path = "Preview Assets.xcassets"; sourceTree = "<group>"; };
		D4CD0C182B1C208100929452 /* User.swift */ = {isa = PBXFileReference; lastKnownFileType = sourcecode.swift; path = User.swift; sourceTree = "<group>"; };
		D4CD0C1A2B1C211400929452 /* Plant.swift */ = {isa = PBXFileReference; lastKnownFileType = sourcecode.swift; path = Plant.swift; sourceTree = "<group>"; };
/* End PBXFileReference section */

/* Begin PBXFrameworksBuildPhase section */
		D4CD0C012B1C1E0700929452 /* Frameworks */ = {
			isa = PBXFrameworksBuildPhase;
			buildActionMask = 2147483647;
			files = (
				D42471122B1E3D0F00FAD4BE /* FirebaseDatabase in Frameworks */,
				D42471202B1E3D0F00FAD4BE /* FirebaseFunctionsCombine-Community in Frameworks */,
				D42471182B1E3D0F00FAD4BE /* FirebaseFirestore in Frameworks */,
				D42471042B1E3D0F00FAD4BE /* FirebaseAnalyticsSwift in Frameworks */,
				D42471002B1E3D0F00FAD4BE /* FirebaseAnalytics in Frameworks */,
				D42471022B1E3D0F00FAD4BE /* FirebaseAnalyticsOnDeviceConversion in Frameworks */,
				D42471282B1E3D0F00FAD4BE /* FirebaseMLModelDownloader in Frameworks */,
				D424711C2B1E3D0F00FAD4BE /* FirebaseFirestoreSwift in Frameworks */,
				D42471082B1E3D0F00FAD4BE /* FirebaseAppCheck in Frameworks */,
				D42471062B1E3D0F00FAD4BE /* FirebaseAnalyticsWithoutAdIdSupport in Frameworks */,
				D424710C2B1E3D0F00FAD4BE /* FirebaseAuth in Frameworks */,
				D42471102B1E3D0F00FAD4BE /* FirebaseCrashlytics in Frameworks */,
				D42471302B1E3D0F00FAD4BE /* FirebaseRemoteConfigSwift in Frameworks */,
				D42471222B1E3D0F00FAD4BE /* FirebaseInAppMessaging-Beta in Frameworks */,
				D42471142B1E3D0F00FAD4BE /* FirebaseDatabaseSwift in Frameworks */,
				D424711E2B1E3D0F00FAD4BE /* FirebaseFunctions in Frameworks */,
				D42471342B1E3D0F00FAD4BE /* FirebaseStorageCombine-Community in Frameworks */,
				D424712E2B1E3D0F00FAD4BE /* FirebaseRemoteConfig in Frameworks */,
				D424710A2B1E3D0F00FAD4BE /* FirebaseAppDistribution-Beta in Frameworks */,
				D424710E2B1E3D0F00FAD4BE /* FirebaseAuthCombine-Community in Frameworks */,
				D424712C2B1E3D0F00FAD4BE /* FirebasePerformance in Frameworks */,
				D42471242B1E3D0F00FAD4BE /* FirebaseInAppMessagingSwift-Beta in Frameworks */,
				D42471322B1E3D0F00FAD4BE /* FirebaseStorage in Frameworks */,
				D42471162B1E3D0F00FAD4BE /* FirebaseDynamicLinks in Frameworks */,
				D424711A2B1E3D0F00FAD4BE /* FirebaseFirestoreCombine-Community in Frameworks */,
				D424712A2B1E3D0F00FAD4BE /* FirebaseMessaging in Frameworks */,
				D42471262B1E3D0F00FAD4BE /* FirebaseInstallations in Frameworks */,
			);
			runOnlyForDeploymentPostprocessing = 0;
		};
/* End PBXFrameworksBuildPhase section */

/* Begin PBXGroup section */
		D4CD0BFB2B1C1E0700929452 = {
			isa = PBXGroup;
			children = (
				D49EAB852B1FBAE90059FDBE /* HedvigLettersSerif-Regular-VariableFont_opsz.ttf */,
				D4CD0C062B1C1E0700929452 /* Planter */,
				D4CD0C052B1C1E0700929452 /* Products */,
			);
			sourceTree = "<group>";
		};
		D4CD0C052B1C1E0700929452 /* Products */ = {
			isa = PBXGroup;
			children = (
				D4CD0C042B1C1E0700929452 /* Planter.app */,
			);
			name = Products;
			sourceTree = "<group>";
		};
		D4CD0C062B1C1E0700929452 /* Planter */ = {
			isa = PBXGroup;
			children = (
				D49EAB992B1FBDA40059FDBE /* Info.plist */,
				D443002C2B1E612700D72A51 /* GoogleService-Info.plist */,
				D4CD0C172B1C200900929452 /* ViewModel */,
				D4CD0C162B1C200400929452 /* View */,
				D4CD0C152B1C1FFD00929452 /* Model */,
				D4CD0C072B1C1E0700929452 /* PlanterApp.swift */,
				D4CD0C0B2B1C1E0800929452 /* Assets.xcassets */,
				D4CD0C0D2B1C1E0800929452 /* Preview Content */,
			);
			path = Planter;
			sourceTree = "<group>";
		};
		D4CD0C0D2B1C1E0800929452 /* Preview Content */ = {
			isa = PBXGroup;
			children = (
				D4CD0C0E2B1C1E0800929452 /* Preview Assets.xcassets */,
			);
			path = "Preview Content";
			sourceTree = "<group>";
		};
		D4CD0C152B1C1FFD00929452 /* Model */ = {
			isa = PBXGroup;
			children = (
				D4CD0C182B1C208100929452 /* User.swift */,
				D4CD0C1A2B1C211400929452 /* Plant.swift */,
				D49EF1D82B1E3E300006F154 /* MoodCalendar.swift */,
				D49EF1DA2B1E3E580006F154 /* Goal.swift */,
				D49EF1E42B1E58960006F154 /* CodableCoord.swift */,
			);
			path = Model;
			sourceTree = "<group>";
		};
		D4CD0C162B1C200400929452 /* View */ = {
			isa = PBXGroup;
			children = (
				D4CD0C092B1C1E0700929452 /* ContentView.swift */,
				D49EAB432B1EF65C0059FDBE /* LandingPage.swift */,
				D49EAB892B1FBB420059FDBE /* SignUpView.swift */,
				D49EAB872B1FBB150059FDBE /* LoginView.swift */,
				D49EAB8B2B1FBB750059FDBE /* HomeView.swift */,
				D49EAB8D2B1FBB840059FDBE /* LogoutView.swift */,
				D49EAB8F2B1FBB9E0059FDBE /* GardenView.swift */,
				D49EAB912B1FBC0C0059FDBE /* EditProfileView.swift */,
				D49EAB932B1FBC210059FDBE /* EditGoalView.swift */,
				D49EAB952B1FBC400059FDBE /* ProgressBar.swift */,
				D49EAB972B1FBC510059FDBE /* MoodCalendarView.swift */,
			);
			path = View;
			sourceTree = "<group>";
		};
		D4CD0C172B1C200900929452 /* ViewModel */ = {
			isa = PBXGroup;
			children = (
				D49EF1E22B1E3F290006F154 /* UserViewModel.swift */,
				D49EF1DD2B1E3ECC0006F154 /* MoodCalendarViewModel.swift */,
				D49EF1DE2B1E3ECC0006F154 /* PlantViewModel.swift */,
			);
			path = ViewModel;
			sourceTree = "<group>";
		};
/* End PBXGroup section */

/* Begin PBXNativeTarget section */
		D4CD0C032B1C1E0700929452 /* Planter */ = {
			isa = PBXNativeTarget;
			buildConfigurationList = D4CD0C122B1C1E0800929452 /* Build configuration list for PBXNativeTarget "Planter" */;
			buildPhases = (
				D4CD0C002B1C1E0700929452 /* Sources */,
				D4CD0C012B1C1E0700929452 /* Frameworks */,
				D4CD0C022B1C1E0700929452 /* Resources */,
			);
			buildRules = (
			);
			dependencies = (
			);
			name = Planter;
			packageProductDependencies = (
				D42470FF2B1E3D0F00FAD4BE /* FirebaseAnalytics */,
				D42471012B1E3D0F00FAD4BE /* FirebaseAnalyticsOnDeviceConversion */,
				D42471032B1E3D0F00FAD4BE /* FirebaseAnalyticsSwift */,
				D42471052B1E3D0F00FAD4BE /* FirebaseAnalyticsWithoutAdIdSupport */,
				D42471072B1E3D0F00FAD4BE /* FirebaseAppCheck */,
				D42471092B1E3D0F00FAD4BE /* FirebaseAppDistribution-Beta */,
				D424710B2B1E3D0F00FAD4BE /* FirebaseAuth */,
				D424710D2B1E3D0F00FAD4BE /* FirebaseAuthCombine-Community */,
				D424710F2B1E3D0F00FAD4BE /* FirebaseCrashlytics */,
				D42471112B1E3D0F00FAD4BE /* FirebaseDatabase */,
				D42471132B1E3D0F00FAD4BE /* FirebaseDatabaseSwift */,
				D42471152B1E3D0F00FAD4BE /* FirebaseDynamicLinks */,
				D42471172B1E3D0F00FAD4BE /* FirebaseFirestore */,
				D42471192B1E3D0F00FAD4BE /* FirebaseFirestoreCombine-Community */,
				D424711B2B1E3D0F00FAD4BE /* FirebaseFirestoreSwift */,
				D424711D2B1E3D0F00FAD4BE /* FirebaseFunctions */,
				D424711F2B1E3D0F00FAD4BE /* FirebaseFunctionsCombine-Community */,
				D42471212B1E3D0F00FAD4BE /* FirebaseInAppMessaging-Beta */,
				D42471232B1E3D0F00FAD4BE /* FirebaseInAppMessagingSwift-Beta */,
				D42471252B1E3D0F00FAD4BE /* FirebaseInstallations */,
				D42471272B1E3D0F00FAD4BE /* FirebaseMLModelDownloader */,
				D42471292B1E3D0F00FAD4BE /* FirebaseMessaging */,
				D424712B2B1E3D0F00FAD4BE /* FirebasePerformance */,
				D424712D2B1E3D0F00FAD4BE /* FirebaseRemoteConfig */,
				D424712F2B1E3D0F00FAD4BE /* FirebaseRemoteConfigSwift */,
				D42471312B1E3D0F00FAD4BE /* FirebaseStorage */,
				D42471332B1E3D0F00FAD4BE /* FirebaseStorageCombine-Community */,
			);
			productName = Planter;
			productReference = D4CD0C042B1C1E0700929452 /* Planter.app */;
			productType = "com.apple.product-type.application";
		};
/* End PBXNativeTarget section */

/* Begin PBXProject section */
		D4CD0BFC2B1C1E0700929452 /* Project object */ = {
			isa = PBXProject;
			attributes = {
				BuildIndependentTargetsInParallel = 1;
				LastSwiftUpdateCheck = 1500;
				LastUpgradeCheck = 1500;
				TargetAttributes = {
					D4CD0C032B1C1E0700929452 = {
						CreatedOnToolsVersion = 15.0.1;
					};
				};
			};
			buildConfigurationList = D4CD0BFF2B1C1E0700929452 /* Build configuration list for PBXProject "Planter" */;
			compatibilityVersion = "Xcode 14.0";
			developmentRegion = en;
			hasScannedForEncodings = 0;
			knownRegions = (
				en,
				Base,
			);
			mainGroup = D4CD0BFB2B1C1E0700929452;
			packageReferences = (
				D42470FE2B1E3D0F00FAD4BE /* XCRemoteSwiftPackageReference "firebase-ios-sdk" */,
			);
			productRefGroup = D4CD0C052B1C1E0700929452 /* Products */;
			projectDirPath = "";
			projectRoot = "";
			targets = (
				D4CD0C032B1C1E0700929452 /* Planter */,
			);
		};
/* End PBXProject section */

/* Begin PBXResourcesBuildPhase section */
		D4CD0C022B1C1E0700929452 /* Resources */ = {
			isa = PBXResourcesBuildPhase;
			buildActionMask = 2147483647;
			files = (
				D4CD0C0F2B1C1E0800929452 /* Preview Assets.xcassets in Resources */,
				D4CD0C0C2B1C1E0800929452 /* Assets.xcassets in Resources */,
				D443002D2B1E612700D72A51 /* GoogleService-Info.plist in Resources */,
				D49EAB862B1FBAE90059FDBE /* HedvigLettersSerif-Regular-VariableFont_opsz.ttf in Resources */,
			);
			runOnlyForDeploymentPostprocessing = 0;
		};
/* End PBXResourcesBuildPhase section */

/* Begin PBXSourcesBuildPhase section */
		D4CD0C002B1C1E0700929452 /* Sources */ = {
			isa = PBXSourcesBuildPhase;
			buildActionMask = 2147483647;
			files = (
				D49EF1D92B1E3E300006F154 /* MoodCalendar.swift in Sources */,
				D49EAB962B1FBC400059FDBE /* ProgressBar.swift in Sources */,
				D49EAB922B1FBC0C0059FDBE /* EditProfileView.swift in Sources */,
				D49EAB8C2B1FBB750059FDBE /* HomeView.swift in Sources */,
				D49EAB942B1FBC210059FDBE /* EditGoalView.swift in Sources */,
				D4CD0C0A2B1C1E0700929452 /* ContentView.swift in Sources */,
				D49EF1E52B1E58960006F154 /* CodableCoord.swift in Sources */,
				D4CD0C1B2B1C211400929452 /* Plant.swift in Sources */,
				D49EF1E02B1E3ECC0006F154 /* MoodCalendarViewModel.swift in Sources */,
				D4CD0C082B1C1E0700929452 /* PlanterApp.swift in Sources */,
				D49EAB902B1FBB9E0059FDBE /* GardenView.swift in Sources */,
				D49EAB8E2B1FBB840059FDBE /* LogoutView.swift in Sources */,
				D49EAB882B1FBB150059FDBE /* LoginView.swift in Sources */,
				D49EF1DB2B1E3E580006F154 /* Goal.swift in Sources */,
				D49EAB8A2B1FBB420059FDBE /* SignUpView.swift in Sources */,
				D49EAB442B1EF65C0059FDBE /* LandingPage.swift in Sources */,
				D49EF1E12B1E3ECC0006F154 /* PlantViewModel.swift in Sources */,
				D49EAB982B1FBC510059FDBE /* MoodCalendarView.swift in Sources */,
				D49EF1E32B1E3F290006F154 /* UserViewModel.swift in Sources */,
				D4CD0C192B1C208100929452 /* User.swift in Sources */,
			);
			runOnlyForDeploymentPostprocessing = 0;
		};
/* End PBXSourcesBuildPhase section */

/* Begin XCBuildConfiguration section */
		D4CD0C102B1C1E0800929452 /* Debug */ = {
			isa = XCBuildConfiguration;
			buildSettings = {
				ALWAYS_SEARCH_USER_PATHS = NO;
				ASSETCATALOG_COMPILER_GENERATE_SWIFT_ASSET_SYMBOL_EXTENSIONS = YES;
				CLANG_ANALYZER_NONNULL = YES;
				CLANG_ANALYZER_NUMBER_OBJECT_CONVERSION = YES_AGGRESSIVE;
				CLANG_CXX_LANGUAGE_STANDARD = "gnu++20";
				CLANG_ENABLE_MODULES = YES;
				CLANG_ENABLE_OBJC_ARC = YES;
				CLANG_ENABLE_OBJC_WEAK = YES;
				CLANG_WARN_BLOCK_CAPTURE_AUTORELEASING = YES;
				CLANG_WARN_BOOL_CONVERSION = YES;
				CLANG_WARN_COMMA = YES;
				CLANG_WARN_CONSTANT_CONVERSION = YES;
				CLANG_WARN_DEPRECATED_OBJC_IMPLEMENTATIONS = YES;
				CLANG_WARN_DIRECT_OBJC_ISA_USAGE = YES_ERROR;
				CLANG_WARN_DOCUMENTATION_COMMENTS = YES;
				CLANG_WARN_EMPTY_BODY = YES;
				CLANG_WARN_ENUM_CONVERSION = YES;
				CLANG_WARN_INFINITE_RECURSION = YES;
				CLANG_WARN_INT_CONVERSION = YES;
				CLANG_WARN_NON_LITERAL_NULL_CONVERSION = YES;
				CLANG_WARN_OBJC_IMPLICIT_RETAIN_SELF = YES;
				CLANG_WARN_OBJC_LITERAL_CONVERSION = YES;
				CLANG_WARN_OBJC_ROOT_CLASS = YES_ERROR;
				CLANG_WARN_QUOTED_INCLUDE_IN_FRAMEWORK_HEADER = YES;
				CLANG_WARN_RANGE_LOOP_ANALYSIS = YES;
				CLANG_WARN_STRICT_PROTOTYPES = YES;
				CLANG_WARN_SUSPICIOUS_MOVE = YES;
				CLANG_WARN_UNGUARDED_AVAILABILITY = YES_AGGRESSIVE;
				CLANG_WARN_UNREACHABLE_CODE = YES;
				CLANG_WARN__DUPLICATE_METHOD_MATCH = YES;
				COPY_PHASE_STRIP = NO;
				DEBUG_INFORMATION_FORMAT = dwarf;
				ENABLE_STRICT_OBJC_MSGSEND = YES;
				ENABLE_TESTABILITY = YES;
				ENABLE_USER_SCRIPT_SANDBOXING = YES;
				GCC_C_LANGUAGE_STANDARD = gnu17;
				GCC_DYNAMIC_NO_PIC = NO;
				GCC_NO_COMMON_BLOCKS = YES;
				GCC_OPTIMIZATION_LEVEL = 0;
				GCC_PREPROCESSOR_DEFINITIONS = (
					"DEBUG=1",
					"$(inherited)",
				);
				GCC_WARN_64_TO_32_BIT_CONVERSION = YES;
				GCC_WARN_ABOUT_RETURN_TYPE = YES_ERROR;
				GCC_WARN_UNDECLARED_SELECTOR = YES;
				GCC_WARN_UNINITIALIZED_AUTOS = YES_AGGRESSIVE;
				GCC_WARN_UNUSED_FUNCTION = YES;
				GCC_WARN_UNUSED_VARIABLE = YES;
				IPHONEOS_DEPLOYMENT_TARGET = 17.0;
				LOCALIZATION_PREFERS_STRING_CATALOGS = YES;
				MTL_ENABLE_DEBUG_INFO = INCLUDE_SOURCE;
				MTL_FAST_MATH = YES;
				ONLY_ACTIVE_ARCH = YES;
				SDKROOT = iphoneos;
				SWIFT_ACTIVE_COMPILATION_CONDITIONS = "DEBUG $(inherited)";
				SWIFT_OPTIMIZATION_LEVEL = "-Onone";
			};
			name = Debug;
		};
		D4CD0C112B1C1E0800929452 /* Release */ = {
			isa = XCBuildConfiguration;
			buildSettings = {
				ALWAYS_SEARCH_USER_PATHS = NO;
				ASSETCATALOG_COMPILER_GENERATE_SWIFT_ASSET_SYMBOL_EXTENSIONS = YES;
				CLANG_ANALYZER_NONNULL = YES;
				CLANG_ANALYZER_NUMBER_OBJECT_CONVERSION = YES_AGGRESSIVE;
				CLANG_CXX_LANGUAGE_STANDARD = "gnu++20";
				CLANG_ENABLE_MODULES = YES;
				CLANG_ENABLE_OBJC_ARC = YES;
				CLANG_ENABLE_OBJC_WEAK = YES;
				CLANG_WARN_BLOCK_CAPTURE_AUTORELEASING = YES;
				CLANG_WARN_BOOL_CONVERSION = YES;
				CLANG_WARN_COMMA = YES;
				CLANG_WARN_CONSTANT_CONVERSION = YES;
				CLANG_WARN_DEPRECATED_OBJC_IMPLEMENTATIONS = YES;
				CLANG_WARN_DIRECT_OBJC_ISA_USAGE = YES_ERROR;
				CLANG_WARN_DOCUMENTATION_COMMENTS = YES;
				CLANG_WARN_EMPTY_BODY = YES;
				CLANG_WARN_ENUM_CONVERSION = YES;
				CLANG_WARN_INFINITE_RECURSION = YES;
				CLANG_WARN_INT_CONVERSION = YES;
				CLANG_WARN_NON_LITERAL_NULL_CONVERSION = YES;
				CLANG_WARN_OBJC_IMPLICIT_RETAIN_SELF = YES;
				CLANG_WARN_OBJC_LITERAL_CONVERSION = YES;
				CLANG_WARN_OBJC_ROOT_CLASS = YES_ERROR;
				CLANG_WARN_QUOTED_INCLUDE_IN_FRAMEWORK_HEADER = YES;
				CLANG_WARN_RANGE_LOOP_ANALYSIS = YES;
				CLANG_WARN_STRICT_PROTOTYPES = YES;
				CLANG_WARN_SUSPICIOUS_MOVE = YES;
				CLANG_WARN_UNGUARDED_AVAILABILITY = YES_AGGRESSIVE;
				CLANG_WARN_UNREACHABLE_CODE = YES;
				CLANG_WARN__DUPLICATE_METHOD_MATCH = YES;
				COPY_PHASE_STRIP = NO;
				DEBUG_INFORMATION_FORMAT = "dwarf-with-dsym";
				ENABLE_NS_ASSERTIONS = NO;
				ENABLE_STRICT_OBJC_MSGSEND = YES;
				ENABLE_USER_SCRIPT_SANDBOXING = YES;
				GCC_C_LANGUAGE_STANDARD = gnu17;
				GCC_NO_COMMON_BLOCKS = YES;
				GCC_WARN_64_TO_32_BIT_CONVERSION = YES;
				GCC_WARN_ABOUT_RETURN_TYPE = YES_ERROR;
				GCC_WARN_UNDECLARED_SELECTOR = YES;
				GCC_WARN_UNINITIALIZED_AUTOS = YES_AGGRESSIVE;
				GCC_WARN_UNUSED_FUNCTION = YES;
				GCC_WARN_UNUSED_VARIABLE = YES;
				IPHONEOS_DEPLOYMENT_TARGET = 17.0;
				LOCALIZATION_PREFERS_STRING_CATALOGS = YES;
				MTL_ENABLE_DEBUG_INFO = NO;
				MTL_FAST_MATH = YES;
				SDKROOT = iphoneos;
				SWIFT_COMPILATION_MODE = wholemodule;
				VALIDATE_PRODUCT = YES;
			};
			name = Release;
		};
		D4CD0C132B1C1E0800929452 /* Debug */ = {
			isa = XCBuildConfiguration;
			buildSettings = {
				ASSETCATALOG_COMPILER_APPICON_NAME = AppIcon;
				ASSETCATALOG_COMPILER_GLOBAL_ACCENT_COLOR_NAME = AccentColor;
				CODE_SIGN_STYLE = Automatic;
				CURRENT_PROJECT_VERSION = 1;
				DEVELOPMENT_ASSET_PATHS = "\"Planter/Preview Content\"";
				DONT_GENERATE_INFOPLIST_FILE = NO;
				ENABLE_PREVIEWS = YES;
				GENERATE_INFOPLIST_FILE = YES;
				INFOPLIST_FILE = Planter/Info.plist;
				INFOPLIST_KEY_UIApplicationSceneManifest_Generation = YES;
				INFOPLIST_KEY_UIApplicationSupportsIndirectInputEvents = YES;
				INFOPLIST_KEY_UILaunchScreen_Generation = YES;
				INFOPLIST_KEY_UISupportedInterfaceOrientations_iPad = "UIInterfaceOrientationPortrait UIInterfaceOrientationPortraitUpsideDown";
				INFOPLIST_KEY_UISupportedInterfaceOrientations_iPhone = UIInterfaceOrientationPortrait;
				LD_RUNPATH_SEARCH_PATHS = (
					"$(inherited)",
					"@executable_path/Frameworks",
				);
				MARKETING_VERSION = 1.0;
				PRODUCT_BUNDLE_IDENTIFIER = edu.usc.Planter;
				PRODUCT_NAME = "$(TARGET_NAME)";
				SWIFT_EMIT_LOC_STRINGS = YES;
				SWIFT_VERSION = 5.0;
				TARGETED_DEVICE_FAMILY = "1,2";
			};
			name = Debug;
		};
		D4CD0C142B1C1E0800929452 /* Release */ = {
			isa = XCBuildConfiguration;
			buildSettings = {
				ASSETCATALOG_COMPILER_APPICON_NAME = AppIcon;
				ASSETCATALOG_COMPILER_GLOBAL_ACCENT_COLOR_NAME = AccentColor;
				CODE_SIGN_STYLE = Automatic;
				CURRENT_PROJECT_VERSION = 1;
				DEVELOPMENT_ASSET_PATHS = "\"Planter/Preview Content\"";
				DONT_GENERATE_INFOPLIST_FILE = NO;
				ENABLE_PREVIEWS = YES;
				GENERATE_INFOPLIST_FILE = YES;
				INFOPLIST_FILE = Planter/Info.plist;
				INFOPLIST_KEY_UIApplicationSceneManifest_Generation = YES;
				INFOPLIST_KEY_UIApplicationSupportsIndirectInputEvents = YES;
				INFOPLIST_KEY_UILaunchScreen_Generation = YES;
				INFOPLIST_KEY_UISupportedInterfaceOrientations_iPad = "UIInterfaceOrientationPortrait UIInterfaceOrientationPortraitUpsideDown";
				INFOPLIST_KEY_UISupportedInterfaceOrientations_iPhone = UIInterfaceOrientationPortrait;
				LD_RUNPATH_SEARCH_PATHS = (
					"$(inherited)",
					"@executable_path/Frameworks",
				);
				MARKETING_VERSION = 1.0;
				PRODUCT_BUNDLE_IDENTIFIER = edu.usc.Planter;
				PRODUCT_NAME = "$(TARGET_NAME)";
				SWIFT_EMIT_LOC_STRINGS = YES;
				SWIFT_VERSION = 5.0;
				TARGETED_DEVICE_FAMILY = "1,2";
			};
			name = Release;
		};
/* End XCBuildConfiguration section */

/* Begin XCConfigurationList section */
		D4CD0BFF2B1C1E0700929452 /* Build configuration list for PBXProject "Planter" */ = {
			isa = XCConfigurationList;
			buildConfigurations = (
				D4CD0C102B1C1E0800929452 /* Debug */,
				D4CD0C112B1C1E0800929452 /* Release */,
			);
			defaultConfigurationIsVisible = 0;
			defaultConfigurationName = Release;
		};
		D4CD0C122B1C1E0800929452 /* Build configuration list for PBXNativeTarget "Planter" */ = {
			isa = XCConfigurationList;
			buildConfigurations = (
				D4CD0C132B1C1E0800929452 /* Debug */,
				D4CD0C142B1C1E0800929452 /* Release */,
			);
			defaultConfigurationIsVisible = 0;
			defaultConfigurationName = Release;
		};
/* End XCConfigurationList section */

/* Begin XCRemoteSwiftPackageReference section */
		D42470FE2B1E3D0F00FAD4BE /* XCRemoteSwiftPackageReference "firebase-ios-sdk" */ = {
			isa = XCRemoteSwiftPackageReference;
			repositoryURL = "https://github.com/firebase/firebase-ios-sdk";
			requirement = {
				kind = upToNextMajorVersion;
				minimumVersion = 10.18.0;
			};
		};
/* End XCRemoteSwiftPackageReference section */

/* Begin XCSwiftPackageProductDependency section */
		D42470FF2B1E3D0F00FAD4BE /* FirebaseAnalytics */ = {
			isa = XCSwiftPackageProductDependency;
			package = D42470FE2B1E3D0F00FAD4BE /* XCRemoteSwiftPackageReference "firebase-ios-sdk" */;
			productName = FirebaseAnalytics;
		};
		D42471012B1E3D0F00FAD4BE /* FirebaseAnalyticsOnDeviceConversion */ = {
			isa = XCSwiftPackageProductDependency;
			package = D42470FE2B1E3D0F00FAD4BE /* XCRemoteSwiftPackageReference "firebase-ios-sdk" */;
			productName = FirebaseAnalyticsOnDeviceConversion;
		};
		D42471032B1E3D0F00FAD4BE /* FirebaseAnalyticsSwift */ = {
			isa = XCSwiftPackageProductDependency;
			package = D42470FE2B1E3D0F00FAD4BE /* XCRemoteSwiftPackageReference "firebase-ios-sdk" */;
			productName = FirebaseAnalyticsSwift;
		};
		D42471052B1E3D0F00FAD4BE /* FirebaseAnalyticsWithoutAdIdSupport */ = {
			isa = XCSwiftPackageProductDependency;
			package = D42470FE2B1E3D0F00FAD4BE /* XCRemoteSwiftPackageReference "firebase-ios-sdk" */;
			productName = FirebaseAnalyticsWithoutAdIdSupport;
		};
		D42471072B1E3D0F00FAD4BE /* FirebaseAppCheck */ = {
			isa = XCSwiftPackageProductDependency;
			package = D42470FE2B1E3D0F00FAD4BE /* XCRemoteSwiftPackageReference "firebase-ios-sdk" */;
			productName = FirebaseAppCheck;
		};
		D42471092B1E3D0F00FAD4BE /* FirebaseAppDistribution-Beta */ = {
			isa = XCSwiftPackageProductDependency;
			package = D42470FE2B1E3D0F00FAD4BE /* XCRemoteSwiftPackageReference "firebase-ios-sdk" */;
			productName = "FirebaseAppDistribution-Beta";
		};
		D424710B2B1E3D0F00FAD4BE /* FirebaseAuth */ = {
			isa = XCSwiftPackageProductDependency;
			package = D42470FE2B1E3D0F00FAD4BE /* XCRemoteSwiftPackageReference "firebase-ios-sdk" */;
			productName = FirebaseAuth;
		};
		D424710D2B1E3D0F00FAD4BE /* FirebaseAuthCombine-Community */ = {
			isa = XCSwiftPackageProductDependency;
			package = D42470FE2B1E3D0F00FAD4BE /* XCRemoteSwiftPackageReference "firebase-ios-sdk" */;
			productName = "FirebaseAuthCombine-Community";
		};
		D424710F2B1E3D0F00FAD4BE /* FirebaseCrashlytics */ = {
			isa = XCSwiftPackageProductDependency;
			package = D42470FE2B1E3D0F00FAD4BE /* XCRemoteSwiftPackageReference "firebase-ios-sdk" */;
			productName = FirebaseCrashlytics;
		};
		D42471112B1E3D0F00FAD4BE /* FirebaseDatabase */ = {
			isa = XCSwiftPackageProductDependency;
			package = D42470FE2B1E3D0F00FAD4BE /* XCRemoteSwiftPackageReference "firebase-ios-sdk" */;
			productName = FirebaseDatabase;
		};
		D42471132B1E3D0F00FAD4BE /* FirebaseDatabaseSwift */ = {
			isa = XCSwiftPackageProductDependency;
			package = D42470FE2B1E3D0F00FAD4BE /* XCRemoteSwiftPackageReference "firebase-ios-sdk" */;
			productName = FirebaseDatabaseSwift;
		};
		D42471152B1E3D0F00FAD4BE /* FirebaseDynamicLinks */ = {
			isa = XCSwiftPackageProductDependency;
			package = D42470FE2B1E3D0F00FAD4BE /* XCRemoteSwiftPackageReference "firebase-ios-sdk" */;
			productName = FirebaseDynamicLinks;
		};
		D42471172B1E3D0F00FAD4BE /* FirebaseFirestore */ = {
			isa = XCSwiftPackageProductDependency;
			package = D42470FE2B1E3D0F00FAD4BE /* XCRemoteSwiftPackageReference "firebase-ios-sdk" */;
			productName = FirebaseFirestore;
		};
		D42471192B1E3D0F00FAD4BE /* FirebaseFirestoreCombine-Community */ = {
			isa = XCSwiftPackageProductDependency;
			package = D42470FE2B1E3D0F00FAD4BE /* XCRemoteSwiftPackageReference "firebase-ios-sdk" */;
			productName = "FirebaseFirestoreCombine-Community";
		};
		D424711B2B1E3D0F00FAD4BE /* FirebaseFirestoreSwift */ = {
			isa = XCSwiftPackageProductDependency;
			package = D42470FE2B1E3D0F00FAD4BE /* XCRemoteSwiftPackageReference "firebase-ios-sdk" */;
			productName = FirebaseFirestoreSwift;
		};
		D424711D2B1E3D0F00FAD4BE /* FirebaseFunctions */ = {
			isa = XCSwiftPackageProductDependency;
			package = D42470FE2B1E3D0F00FAD4BE /* XCRemoteSwiftPackageReference "firebase-ios-sdk" */;
			productName = FirebaseFunctions;
		};
		D424711F2B1E3D0F00FAD4BE /* FirebaseFunctionsCombine-Community */ = {
			isa = XCSwiftPackageProductDependency;
			package = D42470FE2B1E3D0F00FAD4BE /* XCRemoteSwiftPackageReference "firebase-ios-sdk" */;
			productName = "FirebaseFunctionsCombine-Community";
		};
		D42471212B1E3D0F00FAD4BE /* FirebaseInAppMessaging-Beta */ = {
			isa = XCSwiftPackageProductDependency;
			package = D42470FE2B1E3D0F00FAD4BE /* XCRemoteSwiftPackageReference "firebase-ios-sdk" */;
			productName = "FirebaseInAppMessaging-Beta";
		};
		D42471232B1E3D0F00FAD4BE /* FirebaseInAppMessagingSwift-Beta */ = {
			isa = XCSwiftPackageProductDependency;
			package = D42470FE2B1E3D0F00FAD4BE /* XCRemoteSwiftPackageReference "firebase-ios-sdk" */;
			productName = "FirebaseInAppMessagingSwift-Beta";
		};
		D42471252B1E3D0F00FAD4BE /* FirebaseInstallations */ = {
			isa = XCSwiftPackageProductDependency;
			package = D42470FE2B1E3D0F00FAD4BE /* XCRemoteSwiftPackageReference "firebase-ios-sdk" */;
			productName = FirebaseInstallations;
		};
		D42471272B1E3D0F00FAD4BE /* FirebaseMLModelDownloader */ = {
			isa = XCSwiftPackageProductDependency;
			package = D42470FE2B1E3D0F00FAD4BE /* XCRemoteSwiftPackageReference "firebase-ios-sdk" */;
			productName = FirebaseMLModelDownloader;
		};
		D42471292B1E3D0F00FAD4BE /* FirebaseMessaging */ = {
			isa = XCSwiftPackageProductDependency;
			package = D42470FE2B1E3D0F00FAD4BE /* XCRemoteSwiftPackageReference "firebase-ios-sdk" */;
			productName = FirebaseMessaging;
		};
		D424712B2B1E3D0F00FAD4BE /* FirebasePerformance */ = {
			isa = XCSwiftPackageProductDependency;
			package = D42470FE2B1E3D0F00FAD4BE /* XCRemoteSwiftPackageReference "firebase-ios-sdk" */;
			productName = FirebasePerformance;
		};
		D424712D2B1E3D0F00FAD4BE /* FirebaseRemoteConfig */ = {
			isa = XCSwiftPackageProductDependency;
			package = D42470FE2B1E3D0F00FAD4BE /* XCRemoteSwiftPackageReference "firebase-ios-sdk" */;
			productName = FirebaseRemoteConfig;
		};
		D424712F2B1E3D0F00FAD4BE /* FirebaseRemoteConfigSwift */ = {
			isa = XCSwiftPackageProductDependency;
			package = D42470FE2B1E3D0F00FAD4BE /* XCRemoteSwiftPackageReference "firebase-ios-sdk" */;
			productName = FirebaseRemoteConfigSwift;
		};
		D42471312B1E3D0F00FAD4BE /* FirebaseStorage */ = {
			isa = XCSwiftPackageProductDependency;
			package = D42470FE2B1E3D0F00FAD4BE /* XCRemoteSwiftPackageReference "firebase-ios-sdk" */;
			productName = FirebaseStorage;
		};
		D42471332B1E3D0F00FAD4BE /* FirebaseStorageCombine-Community */ = {
			isa = XCSwiftPackageProductDependency;
			package = D42470FE2B1E3D0F00FAD4BE /* XCRemoteSwiftPackageReference "firebase-ios-sdk" */;
			productName = "FirebaseStorageCombine-Community";
		};
/* End XCSwiftPackageProductDependency section */
	};
	rootObject = D4CD0BFC2B1C1E0700929452 /* Project object */;
}
